
Microsoft Visual Studio Solution File, Format Version 12.00
# Visual Studio Version 16
VisualStudioVersion = 16.0.30204.135
MinimumVisualStudioVersion = 10.0.40219.1
Project("{FAE04EC0-301F-11D3-BF4B-00C04F79EFBC}") = "mediver-server", "mediver-server.csproj", "{F1EBB1A5-C63E-4295-969A-BF24549CDD66}"
EndProject
Global
	GlobalSection(SolutionConfigurationPlatforms) = preSolution
		Debug|Any CPU = Debug|Any CPU
		Release|Any CPU = Release|Any CPU
	EndGlobalSection
	GlobalSection(ProjectConfigurationPlatforms) = postSolution
		{F1EBB1A5-C63E-4295-969A-BF24549CDD66}.Debug|Any CPU.ActiveCfg = Debug|Any CPU
		{F1EBB1A5-C63E-4295-969A-BF24549CDD66}.Debug|Any CPU.Build.0 = Debug|Any CPU
		{F1EBB1A5-C63E-4295-969A-BF24549CDD66}.Release|Any CPU.ActiveCfg = Release|Any CPU
		{F1EBB1A5-C63E-4295-969A-BF24549CDD66}.Release|Any CPU.Build.0 = Release|Any CPU
	EndGlobalSection
	GlobalSection(SolutionProperties) = preSolution
		HideSolutionNode = FALSE
	EndGlobalSection
	GlobalSection(ExtensibilityGlobals) = postSolution
		SolutionGuid = {C8E87593-FD87-4457-826E-EA6A7E6C034F}
	EndGlobalSection
EndGlobal
